
Microsoft Visual Studio Solution File, Format Version 12.00
# Visual Studio Version 17
VisualStudioVersion = 17.13.35825.156 d17.13
MinimumVisualStudioVersion = 10.0.40219.1
Project("{FAE04EC0-301F-11D3-BF4B-00C04F79EFBC}") = "ConsoleApp4", "ConsoleApp4\ConsoleApp4.csproj", "{04746AD3-63B9-48BC-B68A-ACCD7BFC79ED}"
EndProject
Global
	GlobalSection(SolutionConfigurationPlatforms) = preSolution
		Debug|Any CPU = Debug|Any CPU
		Release|Any CPU = Release|Any CPU
	EndGlobalSection
	GlobalSection(ProjectConfigurationPlatforms) = postSolution
		{04746AD3-63B9-48BC-B68A-ACCD7BFC79ED}.Debug|Any CPU.ActiveCfg = Debug|Any CPU
		{04746AD3-63B9-48BC-B68A-ACCD7BFC79ED}.Debug|Any CPU.Build.0 = Debug|Any CPU
		{04746AD3-63B9-48BC-B68A-ACCD7BFC79ED}.Release|Any CPU.ActiveCfg = Release|Any CPU
		{04746AD3-63B9-48BC-B68A-ACCD7BFC79ED}.Release|Any CPU.Build.0 = Release|Any CPU
	EndGlobalSection
	GlobalSection(SolutionProperties) = preSolution
		HideSolutionNode = FALSE
	EndGlobalSection
	GlobalSection(ExtensibilityGlobals) = postSolution
		SolutionGuid = {C9A4344F-3E3A-498C-93CE-305204C7F1A8}
	EndGlobalSection
EndGlobal
